// !$*UTF8*$!
{
	archiveVersion = 1;
	classes = {
	};
	objectVersion = 56;
	objects = {

/* Begin PBXBuildFile section */
		051347442BCDAEB6005A772F /* AppDelegate.swift in Sources */ = {isa = PBXBuildFile; fileRef = 051347432BCDAEB6005A772F /* AppDelegate.swift */; };
		051347462BCDAEB6005A772F /* SceneDelegate.swift in Sources */ = {isa = PBXBuildFile; fileRef = 051347452BCDAEB6005A772F /* SceneDelegate.swift */; };
		051347482BCDAEB6005A772F /* ViewController.swift in Sources */ = {isa = PBXBuildFile; fileRef = 051347472BCDAEB6005A772F /* ViewController.swift */; };
		0513474B2BCDAEB6005A772F /* Base in Resources */ = {isa = PBXBuildFile; fileRef = 0513474A2BCDAEB6005A772F /* Base */; };
		0513474D2BCDAEB8005A772F /* Assets.xcassets in Resources */ = {isa = PBXBuildFile; fileRef = 0513474C2BCDAEB8005A772F /* Assets.xcassets */; };
		051347502BCDAEB8005A772F /* Base in Resources */ = {isa = PBXBuildFile; fileRef = 0513474F2BCDAEB8005A772F /* Base */; };
		051347582BD01FBF005A772F /* CollectionViewCell.swift in Sources */ = {isa = PBXBuildFile; fileRef = 051347572BD01FBF005A772F /* CollectionViewCell.swift */; };
		0513475C2BD05AFE005A772F /* mainFlowViewController.swift in Sources */ = {isa = PBXBuildFile; fileRef = 0513475B2BD05AFE005A772F /* mainFlowViewController.swift */; };
		0513475E2BD05B50005A772F /* mainFlowCollectionViewCell.swift in Sources */ = {isa = PBXBuildFile; fileRef = 0513475D2BD05B50005A772F /* mainFlowCollectionViewCell.swift */; };
		051347602BD090A8005A772F /* DetailsViewController.swift in Sources */ = {isa = PBXBuildFile; fileRef = 0513475F2BD090A8005A772F /* DetailsViewController.swift */; };
/* End PBXBuildFile section */

/* Begin PBXFileReference section */
		051347402BCDAEB6005A772F /* hw16_Collections.app */ = {isa = PBXFileReference; explicitFileType = wrapper.application; includeInIndex = 0; path = hw16_Collections.app; sourceTree = BUILT_PRODUCTS_DIR; };
		051347432BCDAEB6005A772F /* AppDelegate.swift */ = {isa = PBXFileReference; lastKnownFileType = sourcecode.swift; path = AppDelegate.swift; sourceTree = "<group>"; };
		051347452BCDAEB6005A772F /* SceneDelegate.swift */ = {isa = PBXFileReference; lastKnownFileType = sourcecode.swift; path = SceneDelegate.swift; sourceTree = "<group>"; };
		051347472BCDAEB6005A772F /* ViewController.swift */ = {isa = PBXFileReference; lastKnownFileType = sourcecode.swift; path = ViewController.swift; sourceTree = "<group>"; };
		0513474A2BCDAEB6005A772F /* Base */ = {isa = PBXFileReference; lastKnownFileType = file.storyboard; name = Base; path = Base.lproj/Main.storyboard; sourceTree = "<group>"; };
		0513474C2BCDAEB8005A772F /* Assets.xcassets */ = {isa = PBXFileReference; lastKnownFileType = folder.assetcatalog; path = Assets.xcassets; sourceTree = "<group>"; };
		0513474F2BCDAEB8005A772F /* Base */ = {isa = PBXFileReference; lastKnownFileType = file.storyboard; name = Base; path = Base.lproj/LaunchScreen.storyboard; sourceTree = "<group>"; };
		051347512BCDAEB8005A772F /* Info.plist */ = {isa = PBXFileReference; lastKnownFileType = text.plist.xml; path = Info.plist; sourceTree = "<group>"; };
		051347572BD01FBF005A772F /* CollectionViewCell.swift */ = {isa = PBXFileReference; lastKnownFileType = sourcecode.swift; path = CollectionViewCell.swift; sourceTree = "<group>"; };
		0513475B2BD05AFE005A772F /* mainFlowViewController.swift */ = {isa = PBXFileReference; lastKnownFileType = sourcecode.swift; path = mainFlowViewController.swift; sourceTree = "<group>"; };
		0513475D2BD05B50005A772F /* mainFlowCollectionViewCell.swift */ = {isa = PBXFileReference; lastKnownFileType = sourcecode.swift; path = mainFlowCollectionViewCell.swift; sourceTree = "<group>"; };
		0513475F2BD090A8005A772F /* DetailsViewController.swift */ = {isa = PBXFileReference; lastKnownFileType = sourcecode.swift; path = DetailsViewController.swift; sourceTree = "<group>"; };
/* End PBXFileReference section */

/* Begin PBXFrameworksBuildPhase section */
		0513473D2BCDAEB6005A772F /* Frameworks */ = {
			isa = PBXFrameworksBuildPhase;
			buildActionMask = 2147483647;
			files = (
			);
			runOnlyForDeploymentPostprocessing = 0;
		};
/* End PBXFrameworksBuildPhase section */

/* Begin PBXGroup section */
		051347372BCDAEB6005A772F = {
			isa = PBXGroup;
			children = (
				051347422BCDAEB6005A772F /* hw16_Collections */,
				051347412BCDAEB6005A772F /* Products */,
			);
			sourceTree = "<group>";
		};
		051347412BCDAEB6005A772F /* Products */ = {
			isa = PBXGroup;
			children = (
				051347402BCDAEB6005A772F /* hw16_Collections.app */,
			);
			name = Products;
			sourceTree = "<group>";
		};
		051347422BCDAEB6005A772F /* hw16_Collections */ = {
			isa = PBXGroup;
			children = (
				051347432BCDAEB6005A772F /* AppDelegate.swift */,
				051347452BCDAEB6005A772F /* SceneDelegate.swift */,
				0580BC712BD090D900298A9B /* Details */,
				0513475A2BD05AC5005A772F /* mainFlow */,
				051347592BD05A61005A772F /* Onboarding */,
				051347492BCDAEB6005A772F /* Main.storyboard */,
				0513474C2BCDAEB8005A772F /* Assets.xcassets */,
				0513474E2BCDAEB8005A772F /* LaunchScreen.storyboard */,
				051347512BCDAEB8005A772F /* Info.plist */,
			);
			path = hw16_Collections;
			sourceTree = "<group>";
		};
		051347592BD05A61005A772F /* Onboarding */ = {
			isa = PBXGroup;
			children = (
				051347472BCDAEB6005A772F /* ViewController.swift */,
				051347572BD01FBF005A772F /* CollectionViewCell.swift */,
			);
			path = Onboarding;
			sourceTree = "<group>";
		};
		0513475A2BD05AC5005A772F /* mainFlow */ = {
			isa = PBXGroup;
			children = (
				0513475B2BD05AFE005A772F /* mainFlowViewController.swift */,
				0513475D2BD05B50005A772F /* mainFlowCollectionViewCell.swift */,
			);
			path = mainFlow;
			sourceTree = "<group>";
		};
		0580BC712BD090D900298A9B /* Details */ = {
			isa = PBXGroup;
			children = (
				0513475F2BD090A8005A772F /* DetailsViewController.swift */,
			);
			path = Details;
			sourceTree = "<group>";
		};
/* End PBXGroup section */

/* Begin PBXNativeTarget section */
		0513473F2BCDAEB6005A772F /* hw16_Collections */ = {
			isa = PBXNativeTarget;
			buildConfigurationList = 051347542BCDAEB8005A772F /* Build configuration list for PBXNativeTarget "hw16_Collections" */;
			buildPhases = (
				0513473C2BCDAEB6005A772F /* Sources */,
				0513473D2BCDAEB6005A772F /* Frameworks */,
				0513473E2BCDAEB6005A772F /* Resources */,
			);
			buildRules = (
			);
			dependencies = (
			);
			name = hw16_Collections;
			productName = hw16_Collections;
			productReference = 051347402BCDAEB6005A772F /* hw16_Collections.app */;
			productType = "com.apple.product-type.application";
		};
/* End PBXNativeTarget section */

/* Begin PBXProject section */
		051347382BCDAEB6005A772F /* Project object */ = {
			isa = PBXProject;
			attributes = {
				BuildIndependentTargetsInParallel = 1;
				LastSwiftUpdateCheck = 1530;
				LastUpgradeCheck = 1530;
				TargetAttributes = {
					0513473F2BCDAEB6005A772F = {
						CreatedOnToolsVersion = 15.3;
					};
				};
			};
			buildConfigurationList = 0513473B2BCDAEB6005A772F /* Build configuration list for PBXProject "hw16_Collections" */;
			compatibilityVersion = "Xcode 14.0";
			developmentRegion = en;
			hasScannedForEncodings = 0;
			knownRegions = (
				en,
				Base,
			);
			mainGroup = 051347372BCDAEB6005A772F;
			productRefGroup = 051347412BCDAEB6005A772F /* Products */;
			projectDirPath = "";
			projectRoot = "";
			targets = (
				0513473F2BCDAEB6005A772F /* hw16_Collections */,
			);
		};
/* End PBXProject section */

/* Begin PBXResourcesBuildPhase section */
		0513473E2BCDAEB6005A772F /* Resources */ = {
			isa = PBXResourcesBuildPhase;
			buildActionMask = 2147483647;
			files = (
				0513474D2BCDAEB8005A772F /* Assets.xcassets in Resources */,
				051347502BCDAEB8005A772F /* Base in Resources */,
				0513474B2BCDAEB6005A772F /* Base in Resources */,
			);
			runOnlyForDeploymentPostprocessing = 0;
		};
/* End PBXResourcesBuildPhase section */

/* Begin PBXSourcesBuildPhase section */
		0513473C2BCDAEB6005A772F /* Sources */ = {
			isa = PBXSourcesBuildPhase;
			buildActionMask = 2147483647;
			files = (
				051347482BCDAEB6005A772F /* ViewController.swift in Sources */,
				051347442BCDAEB6005A772F /* AppDelegate.swift in Sources */,
				051347602BD090A8005A772F /* DetailsViewController.swift in Sources */,
				051347582BD01FBF005A772F /* CollectionViewCell.swift in Sources */,
				0513475C2BD05AFE005A772F /* mainFlowViewController.swift in Sources */,
				0513475E2BD05B50005A772F /* mainFlowCollectionViewCell.swift in Sources */,
				051347462BCDAEB6005A772F /* SceneDelegate.swift in Sources */,
			);
			runOnlyForDeploymentPostprocessing = 0;
		};
/* End PBXSourcesBuildPhase section */

/* Begin PBXVariantGroup section */
		051347492BCDAEB6005A772F /* Main.storyboard */ = {
			isa = PBXVariantGroup;
			children = (
				0513474A2BCDAEB6005A772F /* Base */,
			);
			name = Main.storyboard;
			sourceTree = "<group>";
		};
		0513474E2BCDAEB8005A772F /* LaunchScreen.storyboard */ = {
			isa = PBXVariantGroup;
			children = (
				0513474F2BCDAEB8005A772F /* Base */,
			);
			name = LaunchScreen.storyboard;
			sourceTree = "<group>";
		};
/* End PBXVariantGroup section */

/* Begin XCBuildConfiguration section */
		051347522BCDAEB8005A772F /* Debug */ = {
			isa = XCBuildConfiguration;
			buildSettings = {
				ALWAYS_SEARCH_USER_PATHS = NO;
				ASSETCATALOG_COMPILER_GENERATE_SWIFT_ASSET_SYMBOL_EXTENSIONS = YES;
				CLANG_ANALYZER_NONNULL = YES;
				CLANG_ANALYZER_NUMBER_OBJECT_CONVERSION = YES_AGGRESSIVE;
				CLANG_CXX_LANGUAGE_STANDARD = "gnu++20";
				CLANG_ENABLE_MODULES = YES;
				CLANG_ENABLE_OBJC_ARC = YES;
				CLANG_ENABLE_OBJC_WEAK = YES;
				CLANG_WARN_BLOCK_CAPTURE_AUTORELEASING = YES;
				CLANG_WARN_BOOL_CONVERSION = YES;
				CLANG_WARN_COMMA = YES;
				CLANG_WARN_CONSTANT_CONVERSION = YES;
				CLANG_WARN_DEPRECATED_OBJC_IMPLEMENTATIONS = YES;
				CLANG_WARN_DIRECT_OBJC_ISA_USAGE = YES_ERROR;
				CLANG_WARN_DOCUMENTATION_COMMENTS = YES;
				CLANG_WARN_EMPTY_BODY = YES;
				CLANG_WARN_ENUM_CONVERSION = YES;
				CLANG_WARN_INFINITE_RECURSION = YES;
				CLANG_WARN_INT_CONVERSION = YES;
				CLANG_WARN_NON_LITERAL_NULL_CONVERSION = YES;
				CLANG_WARN_OBJC_IMPLICIT_RETAIN_SELF = YES;
				CLANG_WARN_OBJC_LITERAL_CONVERSION = YES;
				CLANG_WARN_OBJC_ROOT_CLASS = YES_ERROR;
				CLANG_WARN_QUOTED_INCLUDE_IN_FRAMEWORK_HEADER = YES;
				CLANG_WARN_RANGE_LOOP_ANALYSIS = YES;
				CLANG_WARN_STRICT_PROTOTYPES = YES;
				CLANG_WARN_SUSPICIOUS_MOVE = YES;
				CLANG_WARN_UNGUARDED_AVAILABILITY = YES_AGGRESSIVE;
				CLANG_WARN_UNREACHABLE_CODE = YES;
				CLANG_WARN__DUPLICATE_METHOD_MATCH = YES;
				COPY_PHASE_STRIP = NO;
				DEBUG_INFORMATION_FORMAT = dwarf;
				ENABLE_STRICT_OBJC_MSGSEND = YES;
				ENABLE_TESTABILITY = YES;
				ENABLE_USER_SCRIPT_SANDBOXING = YES;
				GCC_C_LANGUAGE_STANDARD = gnu17;
				GCC_DYNAMIC_NO_PIC = NO;
				GCC_NO_COMMON_BLOCKS = YES;
				GCC_OPTIMIZATION_LEVEL = 0;
				GCC_PREPROCESSOR_DEFINITIONS = (
					"DEBUG=1",
					"$(inherited)",
				);
				GCC_WARN_64_TO_32_BIT_CONVERSION = YES;
				GCC_WARN_ABOUT_RETURN_TYPE = YES_ERROR;
				GCC_WARN_UNDECLARED_SELECTOR = YES;
				GCC_WARN_UNINITIALIZED_AUTOS = YES_AGGRESSIVE;
				GCC_WARN_UNUSED_FUNCTION = YES;
				GCC_WARN_UNUSED_VARIABLE = YES;
				IPHONEOS_DEPLOYMENT_TARGET = 17.4;
				LOCALIZATION_PREFERS_STRING_CATALOGS = YES;
				MTL_ENABLE_DEBUG_INFO = INCLUDE_SOURCE;
				MTL_FAST_MATH = YES;
				ONLY_ACTIVE_ARCH = YES;
				SDKROOT = iphoneos;
				SWIFT_ACTIVE_COMPILATION_CONDITIONS = "DEBUG $(inherited)";
				SWIFT_OPTIMIZATION_LEVEL = "-Onone";
			};
			name = Debug;
		};
		051347532BCDAEB8005A772F /* Release */ = {
			isa = XCBuildConfiguration;
			buildSettings = {
				ALWAYS_SEARCH_USER_PATHS = NO;
				ASSETCATALOG_COMPILER_GENERATE_SWIFT_ASSET_SYMBOL_EXTENSIONS = YES;
				CLANG_ANALYZER_NONNULL = YES;
				CLANG_ANALYZER_NUMBER_OBJECT_CONVERSION = YES_AGGRESSIVE;
				CLANG_CXX_LANGUAGE_STANDARD = "gnu++20";
				CLANG_ENABLE_MODULES = YES;
				CLANG_ENABLE_OBJC_ARC = YES;
				CLANG_ENABLE_OBJC_WEAK = YES;
				CLANG_WARN_BLOCK_CAPTURE_AUTORELEASING = YES;
				CLANG_WARN_BOOL_CONVERSION = YES;
				CLANG_WARN_COMMA = YES;
				CLANG_WARN_CONSTANT_CONVERSION = YES;
				CLANG_WARN_DEPRECATED_OBJC_IMPLEMENTATIONS = YES;
				CLANG_WARN_DIRECT_OBJC_ISA_USAGE = YES_ERROR;
				CLANG_WARN_DOCUMENTATION_COMMENTS = YES;
				CLANG_WARN_EMPTY_BODY = YES;
				CLANG_WARN_ENUM_CONVERSION = YES;
				CLANG_WARN_INFINITE_RECURSION = YES;
				CLANG_WARN_INT_CONVERSION = YES;
				CLANG_WARN_NON_LITERAL_NULL_CONVERSION = YES;
				CLANG_WARN_OBJC_IMPLICIT_RETAIN_SELF = YES;
				CLANG_WARN_OBJC_LITERAL_CONVERSION = YES;
				CLANG_WARN_OBJC_ROOT_CLASS = YES_ERROR;
				CLANG_WARN_QUOTED_INCLUDE_IN_FRAMEWORK_HEADER = YES;
				CLANG_WARN_RANGE_LOOP_ANALYSIS = YES;
				CLANG_WARN_STRICT_PROTOTYPES = YES;
				CLANG_WARN_SUSPICIOUS_MOVE = YES;
				CLANG_WARN_UNGUARDED_AVAILABILITY = YES_AGGRESSIVE;
				CLANG_WARN_UNREACHABLE_CODE = YES;
				CLANG_WARN__DUPLICATE_METHOD_MATCH = YES;
				COPY_PHASE_STRIP = NO;
				DEBUG_INFORMATION_FORMAT = "dwarf-with-dsym";
				ENABLE_NS_ASSERTIONS = NO;
				ENABLE_STRICT_OBJC_MSGSEND = YES;
				ENABLE_USER_SCRIPT_SANDBOXING = YES;
				GCC_C_LANGUAGE_STANDARD = gnu17;
				GCC_NO_COMMON_BLOCKS = YES;
				GCC_WARN_64_TO_32_BIT_CONVERSION = YES;
				GCC_WARN_ABOUT_RETURN_TYPE = YES_ERROR;
				GCC_WARN_UNDECLARED_SELECTOR = YES;
				GCC_WARN_UNINITIALIZED_AUTOS = YES_AGGRESSIVE;
				GCC_WARN_UNUSED_FUNCTION = YES;
				GCC_WARN_UNUSED_VARIABLE = YES;
				IPHONEOS_DEPLOYMENT_TARGET = 17.4;
				LOCALIZATION_PREFERS_STRING_CATALOGS = YES;
				MTL_ENABLE_DEBUG_INFO = NO;
				MTL_FAST_MATH = YES;
				SDKROOT = iphoneos;
				SWIFT_COMPILATION_MODE = wholemodule;
				VALIDATE_PRODUCT = YES;
			};
			name = Release;
		};
		051347552BCDAEB8005A772F /* Debug */ = {
			isa = XCBuildConfiguration;
			buildSettings = {
				ASSETCATALOG_COMPILER_APPICON_NAME = AppIcon;
				ASSETCATALOG_COMPILER_GLOBAL_ACCENT_COLOR_NAME = AccentColor;
				CODE_SIGN_STYLE = Automatic;
				CURRENT_PROJECT_VERSION = 1;
				GENERATE_INFOPLIST_FILE = YES;
				INFOPLIST_FILE = hw16_Collections/Info.plist;
				INFOPLIST_KEY_UIApplicationSupportsIndirectInputEvents = YES;
				INFOPLIST_KEY_UILaunchStoryboardName = LaunchScreen;
				INFOPLIST_KEY_UIMainStoryboardFile = Main;
				INFOPLIST_KEY_UISupportedInterfaceOrientations_iPad = "UIInterfaceOrientationPortrait UIInterfaceOrientationPortraitUpsideDown UIInterfaceOrientationLandscapeLeft UIInterfaceOrientationLandscapeRight";
				INFOPLIST_KEY_UISupportedInterfaceOrientations_iPhone = "UIInterfaceOrientationPortrait UIInterfaceOrientationLandscapeLeft UIInterfaceOrientationLandscapeRight";
				LD_RUNPATH_SEARCH_PATHS = (
					"$(inherited)",
					"@executable_path/Frameworks",
				);
				MARKETING_VERSION = 1.0;
				PRODUCT_BUNDLE_IDENTIFIER = "ZhukMaryna.hw16-Collections";
				PRODUCT_NAME = "$(TARGET_NAME)";
				SWIFT_EMIT_LOC_STRINGS = YES;
				SWIFT_VERSION = 5.0;
				TARGETED_DEVICE_FAMILY = "1,2";
			};
			name = Debug;
		};
		051347562BCDAEB8005A772F /* Release */ = {
			isa = XCBuildConfiguration;
			buildSettings = {
				ASSETCATALOG_COMPILER_APPICON_NAME = AppIcon;
				ASSETCATALOG_COMPILER_GLOBAL_ACCENT_COLOR_NAME = AccentColor;
				CODE_SIGN_STYLE = Automatic;
				CURRENT_PROJECT_VERSION = 1;
				GENERATE_INFOPLIST_FILE = YES;
				INFOPLIST_FILE = hw16_Collections/Info.plist;
				INFOPLIST_KEY_UIApplicationSupportsIndirectInputEvents = YES;
				INFOPLIST_KEY_UILaunchStoryboardName = LaunchScreen;
				INFOPLIST_KEY_UIMainStoryboardFile = Main;
				INFOPLIST_KEY_UISupportedInterfaceOrientations_iPad = "UIInterfaceOrientationPortrait UIInterfaceOrientationPortraitUpsideDown UIInterfaceOrientationLandscapeLeft UIInterfaceOrientationLandscapeRight";
				INFOPLIST_KEY_UISupportedInterfaceOrientations_iPhone = "UIInterfaceOrientationPortrait UIInterfaceOrientationLandscapeLeft UIInterfaceOrientationLandscapeRight";
				LD_RUNPATH_SEARCH_PATHS = (
					"$(inherited)",
					"@executable_path/Frameworks",
				);
				MARKETING_VERSION = 1.0;
				PRODUCT_BUNDLE_IDENTIFIER = "ZhukMaryna.hw16-Collections";
				PRODUCT_NAME = "$(TARGET_NAME)";
				SWIFT_EMIT_LOC_STRINGS = YES;
				SWIFT_VERSION = 5.0;
				TARGETED_DEVICE_FAMILY = "1,2";
			};
			name = Release;
		};
/* End XCBuildConfiguration section */

/* Begin XCConfigurationList section */
		0513473B2BCDAEB6005A772F /* Build configuration list for PBXProject "hw16_Collections" */ = {
			isa = XCConfigurationList;
			buildConfigurations = (
				051347522BCDAEB8005A772F /* Debug */,
				051347532BCDAEB8005A772F /* Release */,
			);
			defaultConfigurationIsVisible = 0;
			defaultConfigurationName = Release;
		};
		051347542BCDAEB8005A772F /* Build configuration list for PBXNativeTarget "hw16_Collections" */ = {
			isa = XCConfigurationList;
			buildConfigurations = (
				051347552BCDAEB8005A772F /* Debug */,
				051347562BCDAEB8005A772F /* Release */,
			);
			defaultConfigurationIsVisible = 0;
			defaultConfigurationName = Release;
		};
/* End XCConfigurationList section */
	};
	rootObject = 051347382BCDAEB6005A772F /* Project object */;
}
